{
  "nodes": {
    "nixpkgs": {
      "locked": {
        "lastModified": 1744427317,
        "narHash": "sha256-quy0WwmYByovvoATunSrItduluPgdydjQsDBqPJryuw=",
        "owner": "NixOS",
        "repo": "nixpkgs",
        "rev": "9663c3e85ab9798d4655d67b3306cbdb6f643373",
        "type": "github"
      },
      "original": {
        "owner": "NixOS",
        "repo": "nixpkgs",
        "type": "github"
      }
    },
    "root": {
      "inputs": {
        "nixpkgs": "nixpkgs"
      }
    }
  },
  "root": "root",
  "version": 7
}
